apiVersion: vendir.k14s.io/v1alpha1
directories:
- contents:
  - git:
      commitTitle: 'feat: remove support for Argo Rollouts (#1776)...'
      sha: 15aebc3f95170967588484448fd08a45e7ba0934
      tags:
      - v8.239.0
    path: cicd-toolkit
  path: vendor
- contents:
  - git:
      commitTitle: fix bad path in secret (#1966)
      sha: 9ab1e6040f97fa2c9e9cd7deff72156a8e9256d7
    path: zendesk/config-service-data
  path: vendor/github.com
kind: LockConfig
